
Microsoft Visual Studio Solution File, Format Version 12.00
# Visual Studio Version 16
VisualStudioVersion = 16.0.31019.35
MinimumVisualStudioVersion = 10.0.40219.1
Project("{FAE04EC0-301F-11D3-BF4B-00C04F79EFBC}") = "Module_5", "Module_5\Module_5.csproj", "{EB92B72A-01F7-417F-9D0B-1F045FFBFA83}"
EndProject
Project("{FAE04EC0-301F-11D3-BF4B-00C04F79EFBC}") = "Module_5_Practic", "Module_5_Practic\Module_5_Practic.csproj", "{ABFC961C-2263-4AD8-82E6-1015130D104A}"
EndProject
Global
	GlobalSection(SolutionConfigurationPlatforms) = preSolution
		Debug|Any CPU = Debug|Any CPU
		Release|Any CPU = Release|Any CPU
	EndGlobalSection
	GlobalSection(ProjectConfigurationPlatforms) = postSolution
		{EB92B72A-01F7-417F-9D0B-1F045FFBFA83}.Debug|Any CPU.ActiveCfg = Debug|Any CPU
		{EB92B72A-01F7-417F-9D0B-1F045FFBFA83}.Debug|Any CPU.Build.0 = Debug|Any CPU
		{EB92B72A-01F7-417F-9D0B-1F045FFBFA83}.Release|Any CPU.ActiveCfg = Release|Any CPU
		{EB92B72A-01F7-417F-9D0B-1F045FFBFA83}.Release|Any CPU.Build.0 = Release|Any CPU
		{ABFC961C-2263-4AD8-82E6-1015130D104A}.Debug|Any CPU.ActiveCfg = Debug|Any CPU
		{ABFC961C-2263-4AD8-82E6-1015130D104A}.Debug|Any CPU.Build.0 = Debug|Any CPU
		{ABFC961C-2263-4AD8-82E6-1015130D104A}.Release|Any CPU.ActiveCfg = Release|Any CPU
		{ABFC961C-2263-4AD8-82E6-1015130D104A}.Release|Any CPU.Build.0 = Release|Any CPU
	EndGlobalSection
	GlobalSection(SolutionProperties) = preSolution
		HideSolutionNode = FALSE
	EndGlobalSection
	GlobalSection(ExtensibilityGlobals) = postSolution
		SolutionGuid = {AF61B50E-540F-4649-8901-A982B8210DA6}
	EndGlobalSection
EndGlobal
